lockfileVersion: '9.0'

settings:
  autoInstallPeers: true
  excludeLinksFromLockfile: false

importers:

  .:
    dependencies:
      better-sqlite3:
        specifier: ^13.0.1
        version: 13.0.1

packages:

  better-sqlite3@13.0.1:
    resolution: {integrity: sha512-LYpmOXdkpQYf4wmlxkdzW01XGlOXNIbjLg45yNkh0FQ4814VbK9PdOFmhZpYbej+EZtR/i3FDdhEG98HqZdgnA==}
    engines: {node: '>=22'}

  node-addon-api@8.9.0:
    resolution: {integrity: sha512-ekZMeaaIzSQTSpr7X2X3iJM7lTzgnx8ahAG9pJfT/7+14mlEM8ZYQ9cgCDvSSRbReFK0oHli3WrZdCiRsgAT9Q==}
    engines: {node: ^18 || ^20 || >= 21}

snapshots:

  better-sqlite3@13.0.1:
    dependencies:
      node-addon-api: 8.9.0

  node-addon-api@8.9.0: {}
